
Microsoft Visual Studio Solution File, Format Version 12.00
# Visual Studio Version 16
VisualStudioVersion = 16.0.29318.209
MinimumVisualStudioVersion = 10.0.40219.1
Project("{FAE04EC0-301F-11D3-BF4B-00C04F79EFBC}") = "wsKooshDaroo", "wsKooshDaroo.csproj", "{CC16739F-6133-4575-9B3B-F9023C7029C7}"
EndProject
Global
	GlobalSection(SolutionConfigurationPlatforms) = preSolution
		Debug|Any CPU = Debug|Any CPU
		Release|Any CPU = Release|Any CPU
	EndGlobalSection
	GlobalSection(ProjectConfigurationPlatforms) = postSolution
		{CC16739F-6133-4575-9B3B-F9023C7029C7}.Debug|Any CPU.ActiveCfg = Debug|Any CPU
		{CC16739F-6133-4575-9B3B-F9023C7029C7}.Debug|Any CPU.Build.0 = Debug|Any CPU
		{CC16739F-6133-4575-9B3B-F9023C7029C7}.Release|Any CPU.ActiveCfg = Release|Any CPU
		{CC16739F-6133-4575-9B3B-F9023C7029C7}.Release|Any CPU.Build.0 = Release|Any CPU
	EndGlobalSection
	GlobalSection(SolutionProperties) = preSolution
		HideSolutionNode = FALSE
	EndGlobalSection
	GlobalSection(ExtensibilityGlobals) = postSolution
		SolutionGuid = {D3962DD0-8D8E-4B16-BAE5-0717D87118EB}
	EndGlobalSection
EndGlobal
